// !$*UTF8*$!
{
	archiveVersion = 1;
	classes = {
	};
	objectVersion = 46;
	objects = {

/* Begin PBXBuildFile section */
		E30C4E7E1CDC9AC500B5E4C2 /* AppDelegate.swift in Sources */ = {isa = PBXBuildFile; fileRef = E30C4E7D1CDC9AC500B5E4C2 /* AppDelegate.swift */; };
		E30C4E801CDC9AC500B5E4C2 /* ViewController.swift in Sources */ = {isa = PBXBuildFile; fileRef = E30C4E7F1CDC9AC500B5E4C2 /* ViewController.swift */; };
		E30C4E831CDC9AC500B5E4C2 /* Main.storyboard in Resources */ = {isa = PBXBuildFile; fileRef = E30C4E811CDC9AC500B5E4C2 /* Main.storyboard */; };
		E30C4E851CDC9AC500B5E4C2 /* Assets.xcassets in Resources */ = {isa = PBXBuildFile; fileRef = E30C4E841CDC9AC500B5E4C2 /* Assets.xcassets */; };
		E30C4E881CDC9AC500B5E4C2 /* LaunchScreen.storyboard in Resources */ = {isa = PBXBuildFile; fileRef = E30C4E861CDC9AC500B5E4C2 /* LaunchScreen.storyboard */; };
		E30C4E931CDC9AC500B5E4C2 /* FLbug2UITests.swift in Sources */ = {isa = PBXBuildFile; fileRef = E30C4E921CDC9AC500B5E4C2 /* FLbug2UITests.swift */; };
/* End PBXBuildFile section */

/* Begin PBXContainerItemProxy section */
		E30C4E8F1CDC9AC500B5E4C2 /* PBXContainerItemProxy */ = {
			isa = PBXContainerItemProxy;
			containerPortal = E30C4E721CDC9AC500B5E4C2 /* Project object */;
			proxyType = 1;
			remoteGlobalIDString = E30C4E791CDC9AC500B5E4C2;
			remoteInfo = FLbug2;
		};
/* End PBXContainerItemProxy section */

/* Begin PBXFileReference section */
		E30C4E7A1CDC9AC500B5E4C2 /* FLbug2.app */ = {isa = PBXFileReference; explicitFileType = wrapper.application; includeInIndex = 0; path = FLbug2.app; sourceTree = BUILT_PRODUCTS_DIR; };
		E30C4E7D1CDC9AC500B5E4C2 /* AppDelegate.swift */ = {isa = PBXFileReference; lastKnownFileType = sourcecode.swift; path = AppDelegate.swift; sourceTree = "<group>"; };
		E30C4E7F1CDC9AC500B5E4C2 /* ViewController.swift */ = {isa = PBXFileReference; lastKnownFileType = sourcecode.swift; path = ViewController.swift; sourceTree = "<group>"; };
		E30C4E821CDC9AC500B5E4C2 /* Base */ = {isa = PBXFileReference; lastKnownFileType = file.storyboard; name = Base; path = Base.lproj/Main.storyboard; sourceTree = "<group>"; };
		E30C4E841CDC9AC500B5E4C2 /* Assets.xcassets */ = {isa = PBXFileReference; lastKnownFileType = folder.assetcatalog; path = Assets.xcassets; sourceTree = "<group>"; };
		E30C4E871CDC9AC500B5E4C2 /* Base */ = {isa = PBXFileReference; lastKnownFileType = file.storyboard; name = Base; path = Base.lproj/LaunchScreen.storyboard; sourceTree = "<group>"; };
		E30C4E891CDC9AC500B5E4C2 /* Info.plist */ = {isa = PBXFileReference; lastKnownFileType = text.plist.xml; path = Info.plist; sourceTree = "<group>"; };
		E30C4E8E1CDC9AC500B5E4C2 /* FLbug2UITests.xctest */ = {isa = PBXFileReference; explicitFileType = wrapper.cfbundle; includeInIndex = 0; path = FLbug2UITests.xctest; sourceTree = BUILT_PRODUCTS_DIR; };
		E30C4E921CDC9AC500B5E4C2 /* FLbug2UITests.swift */ = {isa = PBXFileReference; lastKnownFileType = sourcecode.swift; path = FLbug2UITests.swift; sourceTree = "<group>"; };
		E30C4E941CDC9AC500B5E4C2 /* Info.plist */ = {isa = PBXFileReference; lastKnownFileType = text.plist.xml; path = Info.plist; sourceTree = "<group>"; };
/* End PBXFileReference section */

/* Begin PBXFrameworksBuildPhase section */
		E30C4E771CDC9AC500B5E4C2 /* Frameworks */ = {
			isa = PBXFrameworksBuildPhase;
			buildActionMask = 2147483647;
			files = (
			);
			runOnlyForDeploymentPostprocessing = 0;
		};
		E30C4E8B1CDC9AC500B5E4C2 /* Frameworks */ = {
			isa = PBXFrameworksBuildPhase;
			buildActionMask = 2147483647;
			files = (
			);
			runOnlyForDeploymentPostprocessing = 0;
		};
/* End PBXFrameworksBuildPhase section */

/* Begin PBXGroup section */
		E30C4E711CDC9AC500B5E4C2 = {
			isa = PBXGroup;
			children = (
				E30C4E7C1CDC9AC500B5E4C2 /* FLbug2 */,
				E30C4E911CDC9AC500B5E4C2 /* FLbug2UITests */,
				E30C4E7B1CDC9AC500B5E4C2 /* Products */,
			);
			sourceTree = "<group>";
		};
		E30C4E7B1CDC9AC500B5E4C2 /* Products */ = {
			isa = PBXGroup;
			children = (
				E30C4E7A1CDC9AC500B5E4C2 /* FLbug2.app */,
				E30C4E8E1CDC9AC500B5E4C2 /* FLbug2UITests.xctest */,
			);
			name = Products;
			sourceTree = "<group>";
		};
		E30C4E7C1CDC9AC500B5E4C2 /* FLbug2 */ = {
			isa = PBXGroup;
			children = (
				E30C4E7D1CDC9AC500B5E4C2 /* AppDelegate.swift */,
				E30C4E7F1CDC9AC500B5E4C2 /* ViewController.swift */,
				E30C4E811CDC9AC500B5E4C2 /* Main.storyboard */,
				E30C4E841CDC9AC500B5E4C2 /* Assets.xcassets */,
				E30C4E861CDC9AC500B5E4C2 /* LaunchScreen.storyboard */,
				E30C4E891CDC9AC500B5E4C2 /* Info.plist */,
			);
			path = FLbug2;
			sourceTree = "<group>";
		};
		E30C4E911CDC9AC500B5E4C2 /* FLbug2UITests */ = {
			isa = PBXGroup;
			children = (
				E30C4E921CDC9AC500B5E4C2 /* FLbug2UITests.swift */,
				E30C4E941CDC9AC500B5E4C2 /* Info.plist */,
			);
			path = FLbug2UITests;
			sourceTree = "<group>";
		};
/* End PBXGroup section */

/* Begin PBXNativeTarget section */
		E30C4E791CDC9AC500B5E4C2 /* FLbug2 */ = {
			isa = PBXNativeTarget;
			buildConfigurationList = E30C4E971CDC9AC500B5E4C2 /* Build configuration list for PBXNativeTarget "FLbug2" */;
			buildPhases = (
				E30C4E761CDC9AC500B5E4C2 /* Sources */,
				E30C4E771CDC9AC500B5E4C2 /* Frameworks */,
				E30C4E781CDC9AC500B5E4C2 /* Resources */,
			);
			buildRules = (
			);
			dependencies = (
			);
			name = FLbug2;
			productName = FLbug2;
			productReference = E30C4E7A1CDC9AC500B5E4C2 /* FLbug2.app */;
			productType = "com.apple.product-type.application";
		};
		E30C4E8D1CDC9AC500B5E4C2 /* FLbug2UITests */ = {
			isa = PBXNativeTarget;
			buildConfigurationList = E30C4E9A1CDC9AC500B5E4C2 /* Build configuration list for PBXNativeTarget "FLbug2UITests" */;
			buildPhases = (
				E30C4E8A1CDC9AC500B5E4C2 /* Sources */,
				E30C4E8B1CDC9AC500B5E4C2 /* Frameworks */,
				E30C4E8C1CDC9AC500B5E4C2 /* Resources */,
			);
			buildRules = (
			);
			dependencies = (
				E30C4E901CDC9AC500B5E4C2 /* PBXTargetDependency */,
			);
			name = FLbug2UITests;
			productName = FLbug2UITests;
			productReference = E30C4E8E1CDC9AC500B5E4C2 /* FLbug2UITests.xctest */;
			productType = "com.apple.product-type.bundle.ui-testing";
		};
/* End PBXNativeTarget section */

/* Begin PBXProject section */
		E30C4E721CDC9AC500B5E4C2 /* Project object */ = {
			isa = PBXProject;
			attributes = {
				LastSwiftUpdateCheck = 0730;
				LastUpgradeCheck = 0730;
				ORGANIZATIONNAME = example;
				TargetAttributes = {
					E30C4E791CDC9AC500B5E4C2 = {
						CreatedOnToolsVersion = 7.3.1;
					};
					E30C4E8D1CDC9AC500B5E4C2 = {
						CreatedOnToolsVersion = 7.3.1;
						TestTargetID = E30C4E791CDC9AC500B5E4C2;
					};
				};
			};
			buildConfigurationList = E30C4E751CDC9AC500B5E4C2 /* Build configuration list for PBXProject "FLbug2" */;
			compatibilityVersion = "Xcode 3.2";
			developmentRegion = English;
			hasScannedForEncodings = 0;
			knownRegions = (
				en,
				Base,
			);
			mainGroup = E30C4E711CDC9AC500B5E4C2;
			productRefGroup = E30C4E7B1CDC9AC500B5E4C2 /* Products */;
			projectDirPath = "";
			projectRoot = "";
			targets = (
				E30C4E791CDC9AC500B5E4C2 /* FLbug2 */,
				E30C4E8D1CDC9AC500B5E4C2 /* FLbug2UITests */,
			);
		};
/* End PBXProject section */

/* Begin PBXResourcesBuildPhase section */
		E30C4E781CDC9AC500B5E4C2 /* Resources */ = {
			isa = PBXResourcesBuildPhase;
			buildActionMask = 2147483647;
			files = (
				E30C4E881CDC9AC500B5E4C2 /* LaunchScreen.storyboard in Resources */,
				E30C4E851CDC9AC500B5E4C2 /* Assets.xcassets in Resources */,
				E30C4E831CDC9AC500B5E4C2 /* Main.storyboard in Resources */,
			);
			runOnlyForDeploymentPostprocessing = 0;
		};
		E30C4E8C1CDC9AC500B5E4C2 /* Resources */ = {
			isa = PBXResourcesBuildPhase;
			buildActionMask = 2147483647;
			files = (
			);
			runOnlyForDeploymentPostprocessing = 0;
		};
/* End PBXResourcesBuildPhase section */

/* Begin PBXSourcesBuildPhase section */
		E30C4E761CDC9AC500B5E4C2 /* Sources */ = {
			isa = PBXSourcesBuildPhase;
			buildActionMask = 2147483647;
			files = (
				E30C4E801CDC9AC500B5E4C2 /* ViewController.swift in Sources */,
				E30C4E7E1CDC9AC500B5E4C2 /* AppDelegate.swift in Sources */,
			);
			runOnlyForDeploymentPostprocessing = 0;
		};
		E30C4E8A1CDC9AC500B5E4C2 /* Sources */ = {
			isa = PBXSourcesBuildPhase;
			buildActionMask = 2147483647;
			files = (
				E30C4E931CDC9AC500B5E4C2 /* FLbug2UITests.swift in Sources */,
			);
			runOnlyForDeploymentPostprocessing = 0;
		};
/* End PBXSourcesBuildPhase section */

/* Begin PBXTargetDependency section */
		E30C4E901CDC9AC500B5E4C2 /* PBXTargetDependency */ = {
			isa = PBXTargetDependency;
			target = E30C4E791CDC9AC500B5E4C2 /* FLbug2 */;
			targetProxy = E30C4E8F1CDC9AC500B5E4C2 /* PBXContainerItemProxy */;
		};
/* End PBXTargetDependency section */

/* Begin PBXVariantGroup section */
		E30C4E811CDC9AC500B5E4C2 /* Main.storyboard */ = {
			isa = PBXVariantGroup;
			children = (
				E30C4E821CDC9AC500B5E4C2 /* Base */,
			);
			name = Main.storyboard;
			sourceTree = "<group>";
		};
		E30C4E861CDC9AC500B5E4C2 /* LaunchScreen.storyboard */ = {
			isa = PBXVariantGroup;
			children = (
				E30C4E871CDC9AC500B5E4C2 /* Base */,
			);
			name = LaunchScreen.storyboard;
			sourceTree = "<group>";
		};
/* End PBXVariantGroup section */

/* Begin XCBuildConfiguration section */
		E30C4E951CDC9AC500B5E4C2 /* Debug */ = {
			isa = XCBuildConfiguration;
			buildSettings = {
				ALWAYS_SEARCH_USER_PATHS = NO;
				CLANG_ANALYZER_NONNULL = YES;
				CLANG_CXX_LANGUAGE_STANDARD = "gnu++0x";
				CLANG_CXX_LIBRARY = "libc++";
				CLANG_ENABLE_MODULES = YES;
				CLANG_ENABLE_OBJC_ARC = YES;
				CLANG_WARN_BOOL_CONVERSION = YES;
				CLANG_WARN_CONSTANT_CONVERSION = YES;
				CLANG_WARN_DIRECT_OBJC_ISA_USAGE = YES_ERROR;
				CLANG_WARN_EMPTY_BODY = YES;
				CLANG_WARN_ENUM_CONVERSION = YES;
				CLANG_WARN_INT_CONVERSION = YES;
				CLANG_WARN_OBJC_ROOT_CLASS = YES_ERROR;
				CLANG_WARN_UNREACHABLE_CODE = YES;
				CLANG_WARN__DUPLICATE_METHOD_MATCH = YES;
				"CODE_SIGN_IDENTITY[sdk=iphoneos*]" = "iPhone Developer";
				COPY_PHASE_STRIP = NO;
				DEBUG_INFORMATION_FORMAT = dwarf;
				ENABLE_STRICT_OBJC_MSGSEND = YES;
				ENABLE_TESTABILITY = YES;
				GCC_C_LANGUAGE_STANDARD = gnu99;
				GCC_DYNAMIC_NO_PIC = NO;
				GCC_NO_COMMON_BLOCKS = YES;
				GCC_OPTIMIZATION_LEVEL = 0;
				GCC_PREPROCESSOR_DEFINITIONS = (
					"DEBUG=1",
					"$(inherited)",
				);
				GCC_WARN_64_TO_32_BIT_CONVERSION = YES;
				GCC_WARN_ABOUT_RETURN_TYPE = YES_ERROR;
				GCC_WARN_UNDECLARED_SELECTOR = YES;
				GCC_WARN_UNINITIALIZED_AUTOS = YES_AGGRESSIVE;
				GCC_WARN_UNUSED_FUNCTION = YES;
				GCC_WARN_UNUSED_VARIABLE = YES;
				IPHONEOS_DEPLOYMENT_TARGET = 9.3;
				MTL_ENABLE_DEBUG_INFO = YES;
				ONLY_ACTIVE_ARCH = YES;
				SDKROOT = iphoneos;
				SWIFT_OPTIMIZATION_LEVEL = "-Onone";
				TARGETED_DEVICE_FAMILY = "1,2";
			};
			name = Debug;
		};
		E30C4E961CDC9AC500B5E4C2 /* Release */ = {
			isa = XCBuildConfiguration;
			buildSettings = {
				ALWAYS_SEARCH_USER_PATHS = NO;
				CLANG_ANALYZER_NONNULL = YES;
				CLANG_CXX_LANGUAGE_STANDARD = "gnu++0x";
				CLANG_CXX_LIBRARY = "libc++";
				CLANG_ENABLE_MODULES = YES;
				CLANG_ENABLE_OBJC_ARC = YES;
				CLANG_WARN_BOOL_CONVERSION = YES;
				CLANG_WARN_CONSTANT_CONVERSION = YES;
				CLANG_WARN_DIRECT_OBJC_ISA_USAGE = YES_ERROR;
				CLANG_WARN_EMPTY_BODY = YES;
				CLANG_WARN_ENUM_CONVERSION = YES;
				CLANG_WARN_INT_CONVERSION = YES;
				CLANG_WARN_OBJC_ROOT_CLASS = YES_ERROR;
				CLANG_WARN_UNREACHABLE_CODE = YES;
				CLANG_WARN__DUPLICATE_METHOD_MATCH = YES;
				"CODE_SIGN_IDENTITY[sdk=iphoneos*]" = "iPhone Developer";
				COPY_PHASE_STRIP = NO;
				DEBUG_INFORMATION_FORMAT = "dwarf-with-dsym";
				ENABLE_NS_ASSERTIONS = NO;
				ENABLE_STRICT_OBJC_MSGSEND = YES;
				GCC_C_LANGUAGE_STANDARD = gnu99;
				GCC_NO_COMMON_BLOCKS = YES;
				GCC_WARN_64_TO_32_BIT_CONVERSION = YES;
				GCC_WARN_ABOUT_RETURN_TYPE = YES_ERROR;
				GCC_WARN_UNDECLARED_SELECTOR = YES;
				GCC_WARN_UNINITIALIZED_AUTOS = YES_AGGRESSIVE;
				GCC_WARN_UNUSED_FUNCTION = YES;
				GCC_WARN_UNUSED_VARIABLE = YES;
				IPHONEOS_DEPLOYMENT_TARGET = 9.3;
				MTL_ENABLE_DEBUG_INFO = NO;
				SDKROOT = iphoneos;
				TARGETED_DEVICE_FAMILY = "1,2";
				VALIDATE_PRODUCT = YES;
			};
			name = Release;
		};
		E30C4E981CDC9AC500B5E4C2 /* Debug */ = {
			isa = XCBuildConfiguration;
			buildSettings = {
				ASSETCATALOG_COMPILER_APPICON_NAME = AppIcon;
				INFOPLIST_FILE = FLbug2/Info.plist;
				LD_RUNPATH_SEARCH_PATHS = "$(inherited) @executable_path/Frameworks";
				PRODUCT_BUNDLE_IDENTIFIER = com.example.FLbug2;
				PRODUCT_NAME = "$(TARGET_NAME)";
			};
			name = Debug;
		};
		E30C4E991CDC9AC500B5E4C2 /* Release */ = {
			isa = XCBuildConfiguration;
			buildSettings = {
				ASSETCATALOG_COMPILER_APPICON_NAME = AppIcon;
				INFOPLIST_FILE = FLbug2/Info.plist;
				LD_RUNPATH_SEARCH_PATHS = "$(inherited) @executable_path/Frameworks";
				PRODUCT_BUNDLE_IDENTIFIER = com.example.FLbug2;
				PRODUCT_NAME = "$(TARGET_NAME)";
			};
			name = Release;
		};
		E30C4E9B1CDC9AC500B5E4C2 /* Debug */ = {
			isa = XCBuildConfiguration;
			buildSettings = {
				INFOPLIST_FILE = FLbug2UITests/Info.plist;
				LD_RUNPATH_SEARCH_PATHS = "$(inherited) @executable_path/Frameworks @loader_path/Frameworks";
				PRODUCT_BUNDLE_IDENTIFIER = com.example.FLbug2UITests;
				PRODUCT_NAME = "$(TARGET_NAME)";
				TEST_TARGET_NAME = FLbug2;
			};
			name = Debug;
		};
		E30C4E9C1CDC9AC500B5E4C2 /* Release */ = {
			isa = XCBuildConfiguration;
			buildSettings = {
				INFOPLIST_FILE = FLbug2UITests/Info.plist;
				LD_RUNPATH_SEARCH_PATHS = "$(inherited) @executable_path/Frameworks @loader_path/Frameworks";
				PRODUCT_BUNDLE_IDENTIFIER = com.example.FLbug2UITests;
				PRODUCT_NAME = "$(TARGET_NAME)";
				TEST_TARGET_NAME = FLbug2;
			};
			name = Release;
		};
/* End XCBuildConfiguration section */

/* Begin XCConfigurationList section */
		E30C4E751CDC9AC500B5E4C2 /* Build configuration list for PBXProject "FLbug2" */ = {
			isa = XCConfigurationList;
			buildConfigurations = (
				E30C4E951CDC9AC500B5E4C2 /* Debug */,
				E30C4E961CDC9AC500B5E4C2 /* Release */,
			);
			defaultConfigurationIsVisible = 0;
			defaultConfigurationName = Release;
		};
		E30C4E971CDC9AC500B5E4C2 /* Build configuration list for PBXNativeTarget "FLbug2" */ = {
			isa = XCConfigurationList;
			buildConfigurations = (
				E30C4E981CDC9AC500B5E4C2 /* Debug */,
				E30C4E991CDC9AC500B5E4C2 /* Release */,
			);
			defaultConfigurationIsVisible = 0;
		};
		E30C4E9A1CDC9AC500B5E4C2 /* Build configuration list for PBXNativeTarget "FLbug2UITests" */ = {
			isa = XCConfigurationList;
			buildConfigurations = (
				E30C4E9B1CDC9AC500B5E4C2 /* Debug */,
				E30C4E9C1CDC9AC500B5E4C2 /* Release */,
			);
			defaultConfigurationIsVisible = 0;
		};
/* End XCConfigurationList section */
	};
	rootObject = E30C4E721CDC9AC500B5E4C2 /* Project object */;
}
